
Microsoft Visual Studio Solution File, Format Version 12.00
# Visual Studio 14
VisualStudioVersion = 14.0.23107.0
MinimumVisualStudioVersion = 10.0.40219.1
Project("{FAE04EC0-301F-11D3-BF4B-00C04F79EFBC}") = "Groves", "Groves\Groves.csproj", "{E93BF744-DA78-49FC-932B-1E9D809A6B7C}"
EndProject
Project("{FAE04EC0-301F-11D3-BF4B-00C04F79EFBC}") = "GrovesDemos", "GrovesDemos\GrovesDemos.csproj", "{97612602-C7C0-459E-8927-65E3E2EFDB90}"
EndProject
Project("{FAE04EC0-301F-11D3-BF4B-00C04F79EFBC}") = "GrovesTests", "GrovesTests\GrovesTests.csproj", "{0D72F2F9-E679-47DD-88F3-65B1A6400324}"
EndProject
Global
	GlobalSection(SolutionConfigurationPlatforms) = preSolution
		Debug|Any CPU = Debug|Any CPU
		Debug|ARM = Debug|ARM
		Debug|x64 = Debug|x64
		Debug|x86 = Debug|x86
		Release|Any CPU = Release|Any CPU
		Release|ARM = Release|ARM
		Release|x64 = Release|x64
		Release|x86 = Release|x86
	EndGlobalSection
	GlobalSection(ProjectConfigurationPlatforms) = postSolution
		{E93BF744-DA78-49FC-932B-1E9D809A6B7C}.Debug|Any CPU.ActiveCfg = Debug|Any CPU
		{E93BF744-DA78-49FC-932B-1E9D809A6B7C}.Debug|Any CPU.Build.0 = Debug|Any CPU
		{E93BF744-DA78-49FC-932B-1E9D809A6B7C}.Debug|ARM.ActiveCfg = Debug|ARM
		{E93BF744-DA78-49FC-932B-1E9D809A6B7C}.Debug|ARM.Build.0 = Debug|ARM
		{E93BF744-DA78-49FC-932B-1E9D809A6B7C}.Debug|x64.ActiveCfg = Debug|x64
		{E93BF744-DA78-49FC-932B-1E9D809A6B7C}.Debug|x64.Build.0 = Debug|x64
		{E93BF744-DA78-49FC-932B-1E9D809A6B7C}.Debug|x86.ActiveCfg = Debug|x86
		{E93BF744-DA78-49FC-932B-1E9D809A6B7C}.Debug|x86.Build.0 = Debug|x86
		{E93BF744-DA78-49FC-932B-1E9D809A6B7C}.Release|Any CPU.ActiveCfg = Release|Any CPU
		{E93BF744-DA78-49FC-932B-1E9D809A6B7C}.Release|Any CPU.Build.0 = Release|Any CPU
		{E93BF744-DA78-49FC-932B-1E9D809A6B7C}.Release|ARM.ActiveCfg = Release|ARM
		{E93BF744-DA78-49FC-932B-1E9D809A6B7C}.Release|ARM.Build.0 = Release|ARM
		{E93BF744-DA78-49FC-932B-1E9D809A6B7C}.Release|x64.ActiveCfg = Release|x64
		{E93BF744-DA78-49FC-932B-1E9D809A6B7C}.Release|x64.Build.0 = Release|x64
		{E93BF744-DA78-49FC-932B-1E9D809A6B7C}.Release|x86.ActiveCfg = Release|x86
		{E93BF744-DA78-49FC-932B-1E9D809A6B7C}.Release|x86.Build.0 = Release|x86
		{97612602-C7C0-459E-8927-65E3E2EFDB90}.Debug|Any CPU.ActiveCfg = Debug|x86
		{97612602-C7C0-459E-8927-65E3E2EFDB90}.Debug|Any CPU.Build.0 = Debug|x86
		{97612602-C7C0-459E-8927-65E3E2EFDB90}.Debug|Any CPU.Deploy.0 = Debug|x86
		{97612602-C7C0-459E-8927-65E3E2EFDB90}.Debug|ARM.ActiveCfg = Debug|ARM
		{97612602-C7C0-459E-8927-65E3E2EFDB90}.Debug|ARM.Build.0 = Debug|ARM
		{97612602-C7C0-459E-8927-65E3E2EFDB90}.Debug|ARM.Deploy.0 = Debug|ARM
		{97612602-C7C0-459E-8927-65E3E2EFDB90}.Debug|x64.ActiveCfg = Debug|x64
		{97612602-C7C0-459E-8927-65E3E2EFDB90}.Debug|x64.Build.0 = Debug|x64
		{97612602-C7C0-459E-8927-65E3E2EFDB90}.Debug|x64.Deploy.0 = Debug|x64
		{97612602-C7C0-459E-8927-65E3E2EFDB90}.Debug|x86.ActiveCfg = Debug|x86
		{97612602-C7C0-459E-8927-65E3E2EFDB90}.Debug|x86.Build.0 = Debug|x86
		{97612602-C7C0-459E-8927-65E3E2EFDB90}.Debug|x86.Deploy.0 = Debug|x86
		{97612602-C7C0-459E-8927-65E3E2EFDB90}.Release|Any CPU.ActiveCfg = Release|x86
		{97612602-C7C0-459E-8927-65E3E2EFDB90}.Release|Any CPU.Build.0 = Release|x86
		{97612602-C7C0-459E-8927-65E3E2EFDB90}.Release|Any CPU.Deploy.0 = Release|x86
		{97612602-C7C0-459E-8927-65E3E2EFDB90}.Release|ARM.ActiveCfg = Release|ARM
		{97612602-C7C0-459E-8927-65E3E2EFDB90}.Release|ARM.Build.0 = Release|ARM
		{97612602-C7C0-459E-8927-65E3E2EFDB90}.Release|ARM.Deploy.0 = Release|ARM
		{97612602-C7C0-459E-8927-65E3E2EFDB90}.Release|x64.ActiveCfg = Release|x64
		{97612602-C7C0-459E-8927-65E3E2EFDB90}.Release|x64.Build.0 = Release|x64
		{97612602-C7C0-459E-8927-65E3E2EFDB90}.Release|x64.Deploy.0 = Release|x64
		{97612602-C7C0-459E-8927-65E3E2EFDB90}.Release|x86.ActiveCfg = Release|x86
		{97612602-C7C0-459E-8927-65E3E2EFDB90}.Release|x86.Build.0 = Release|x86
		{97612602-C7C0-459E-8927-65E3E2EFDB90}.Release|x86.Deploy.0 = Release|x86
		{0D72F2F9-E679-47DD-88F3-65B1A6400324}.Debug|Any CPU.ActiveCfg = Debug|x86
		{0D72F2F9-E679-47DD-88F3-65B1A6400324}.Debug|Any CPU.Build.0 = Debug|x86
		{0D72F2F9-E679-47DD-88F3-65B1A6400324}.Debug|ARM.ActiveCfg = Debug|ARM
		{0D72F2F9-E679-47DD-88F3-65B1A6400324}.Debug|ARM.Build.0 = Debug|ARM
		{0D72F2F9-E679-47DD-88F3-65B1A6400324}.Debug|ARM.Deploy.0 = Debug|ARM
		{0D72F2F9-E679-47DD-88F3-65B1A6400324}.Debug|x64.ActiveCfg = Debug|x64
		{0D72F2F9-E679-47DD-88F3-65B1A6400324}.Debug|x64.Build.0 = Debug|x64
		{0D72F2F9-E679-47DD-88F3-65B1A6400324}.Debug|x64.Deploy.0 = Debug|x64
		{0D72F2F9-E679-47DD-88F3-65B1A6400324}.Debug|x86.ActiveCfg = Debug|x86
		{0D72F2F9-E679-47DD-88F3-65B1A6400324}.Debug|x86.Build.0 = Debug|x86
		{0D72F2F9-E679-47DD-88F3-65B1A6400324}.Debug|x86.Deploy.0 = Debug|x86
		{0D72F2F9-E679-47DD-88F3-65B1A6400324}.Release|Any CPU.ActiveCfg = Release|x86
		{0D72F2F9-E679-47DD-88F3-65B1A6400324}.Release|Any CPU.Build.0 = Release|x86
		{0D72F2F9-E679-47DD-88F3-65B1A6400324}.Release|ARM.ActiveCfg = Release|ARM
		{0D72F2F9-E679-47DD-88F3-65B1A6400324}.Release|ARM.Build.0 = Release|ARM
		{0D72F2F9-E679-47DD-88F3-65B1A6400324}.Release|ARM.Deploy.0 = Release|ARM
		{0D72F2F9-E679-47DD-88F3-65B1A6400324}.Release|x64.ActiveCfg = Release|x64
		{0D72F2F9-E679-47DD-88F3-65B1A6400324}.Release|x64.Build.0 = Release|x64
		{0D72F2F9-E679-47DD-88F3-65B1A6400324}.Release|x64.Deploy.0 = Release|x64
		{0D72F2F9-E679-47DD-88F3-65B1A6400324}.Release|x86.ActiveCfg = Release|x86
		{0D72F2F9-E679-47DD-88F3-65B1A6400324}.Release|x86.Build.0 = Release|x86
		{0D72F2F9-E679-47DD-88F3-65B1A6400324}.Release|x86.Deploy.0 = Release|x86
	EndGlobalSection
	GlobalSection(SolutionProperties) = preSolution
		HideSolutionNode = FALSE
	EndGlobalSection
EndGlobal
